
Microsoft Visual Studio Solution File, Format Version 12.00
# Visual Studio Version 16
VisualStudioVersion = 16.0.29728.190
MinimumVisualStudioVersion = 10.0.40219.1
Project("{FAE04EC0-301F-11D3-BF4B-00C04F79EFBC}") = "Jura_Knife_Tetris", "Jura_Knife_Tetris\Jura_Knife_Tetris.csproj", "{0D241ADF-00E0-4AD9-AD97-C4ACBB824C9E}"
EndProject
Global
	GlobalSection(SolutionConfigurationPlatforms) = preSolution
		Debug|Any CPU = Debug|Any CPU
		Release|Any CPU = Release|Any CPU
	EndGlobalSection
	GlobalSection(ProjectConfigurationPlatforms) = postSolution
		{0D241ADF-00E0-4AD9-AD97-C4ACBB824C9E}.Debug|Any CPU.ActiveCfg = Debug|Any CPU
		{0D241ADF-00E0-4AD9-AD97-C4ACBB824C9E}.Debug|Any CPU.Build.0 = Debug|Any CPU
		{0D241ADF-00E0-4AD9-AD97-C4ACBB824C9E}.Release|Any CPU.ActiveCfg = Release|Any CPU
		{0D241ADF-00E0-4AD9-AD97-C4ACBB824C9E}.Release|Any CPU.Build.0 = Release|Any CPU
	EndGlobalSection
	GlobalSection(SolutionProperties) = preSolution
		HideSolutionNode = FALSE
	EndGlobalSection
	GlobalSection(ExtensibilityGlobals) = postSolution
		SolutionGuid = {FC177D5D-2267-4992-B2CC-8AF5D2882E29}
	EndGlobalSection
EndGlobal
